
Microsoft Visual Studio Solution File, Format Version 12.00
# Visual Studio 2012
Project("{FAE04EC0-301F-11D3-BF4B-00C04F79EFBC}") = "Util", "Util\Util.csproj", "{3A9058D1-B384-4343-8CC2-0715A85E5650}"
EndProject
Project("{FAE04EC0-301F-11D3-BF4B-00C04F79EFBC}") = "MVC", "MVC\MVC.csproj", "{D8B15F13-26BA-4E6F-BDAE-74C6B6335291}"
EndProject
Global
	GlobalSection(SolutionConfigurationPlatforms) = preSolution
		Debug|Any CPU = Debug|Any CPU
		Release|Any CPU = Release|Any CPU
	EndGlobalSection
	GlobalSection(ProjectConfigurationPlatforms) = postSolution
		{3A9058D1-B384-4343-8CC2-0715A85E5650}.Debug|Any CPU.ActiveCfg = Debug|Any CPU
		{3A9058D1-B384-4343-8CC2-0715A85E5650}.Debug|Any CPU.Build.0 = Debug|Any CPU
		{3A9058D1-B384-4343-8CC2-0715A85E5650}.Release|Any CPU.ActiveCfg = Release|Any CPU
		{3A9058D1-B384-4343-8CC2-0715A85E5650}.Release|Any CPU.Build.0 = Release|Any CPU
		{D8B15F13-26BA-4E6F-BDAE-74C6B6335291}.Debug|Any CPU.ActiveCfg = Debug|Any CPU
		{D8B15F13-26BA-4E6F-BDAE-74C6B6335291}.Debug|Any CPU.Build.0 = Debug|Any CPU
		{D8B15F13-26BA-4E6F-BDAE-74C6B6335291}.Release|Any CPU.ActiveCfg = Release|Any CPU
		{D8B15F13-26BA-4E6F-BDAE-74C6B6335291}.Release|Any CPU.Build.0 = Release|Any CPU
	EndGlobalSection
	GlobalSection(SolutionProperties) = preSolution
		HideSolutionNode = FALSE
	EndGlobalSection
EndGlobal
