
Microsoft Visual Studio Solution File, Format Version 11.00
# Visual Studio 2010
Project("{FAE04EC0-301F-11D3-BF4B-00C04F79EFBC}") = "Web", "Web\Web.csproj", "{23580AA6-7E71-4A92-A0C9-09E5C1894F38}"
EndProject
Project("{FAE04EC0-301F-11D3-BF4B-00C04F79EFBC}") = "Util", "Util\Util.csproj", "{1B87F06A-10C0-4F8B-A7FC-B9DD2D582DF6}"
EndProject
Global
	GlobalSection(SolutionConfigurationPlatforms) = preSolution
		Debug|Any CPU = Debug|Any CPU
		Release|Any CPU = Release|Any CPU
	EndGlobalSection
	GlobalSection(ProjectConfigurationPlatforms) = postSolution
		{23580AA6-7E71-4A92-A0C9-09E5C1894F38}.Debug|Any CPU.ActiveCfg = Debug|Any CPU
		{23580AA6-7E71-4A92-A0C9-09E5C1894F38}.Debug|Any CPU.Build.0 = Debug|Any CPU
		{23580AA6-7E71-4A92-A0C9-09E5C1894F38}.Release|Any CPU.ActiveCfg = Release|Any CPU
		{23580AA6-7E71-4A92-A0C9-09E5C1894F38}.Release|Any CPU.Build.0 = Release|Any CPU
		{1B87F06A-10C0-4F8B-A7FC-B9DD2D582DF6}.Debug|Any CPU.ActiveCfg = Debug|Any CPU
		{1B87F06A-10C0-4F8B-A7FC-B9DD2D582DF6}.Debug|Any CPU.Build.0 = Debug|Any CPU
		{1B87F06A-10C0-4F8B-A7FC-B9DD2D582DF6}.Release|Any CPU.ActiveCfg = Release|Any CPU
		{1B87F06A-10C0-4F8B-A7FC-B9DD2D582DF6}.Release|Any CPU.Build.0 = Release|Any CPU
	EndGlobalSection
	GlobalSection(SolutionProperties) = preSolution
		HideSolutionNode = FALSE
	EndGlobalSection
EndGlobal
